
Microsoft Visual Studio Solution File, Format Version 12.00
# Visual Studio Version 17
VisualStudioVersion = 17.12.35506.116 d17.12
MinimumVisualStudioVersion = 10.0.40219.1
Project("{FAE04EC0-301F-11D3-BF4B-00C04F79EFBC}") = "MilitaryEscape", "MilitaryEscape\MilitaryEscape.csproj", "{3673F0FE-65E9-41AF-9529-B3807834326E}"
EndProject
Global
	GlobalSection(SolutionConfigurationPlatforms) = preSolution
		Debug|Any CPU = Debug|Any CPU
		Release|Any CPU = Release|Any CPU
	EndGlobalSection
	GlobalSection(ProjectConfigurationPlatforms) = postSolution
		{3673F0FE-65E9-41AF-9529-B3807834326E}.Debug|Any CPU.ActiveCfg = Debug|Any CPU
		{3673F0FE-65E9-41AF-9529-B3807834326E}.Debug|Any CPU.Build.0 = Debug|Any CPU
		{3673F0FE-65E9-41AF-9529-B3807834326E}.Release|Any CPU.ActiveCfg = Release|Any CPU
		{3673F0FE-65E9-41AF-9529-B3807834326E}.Release|Any CPU.Build.0 = Release|Any CPU
	EndGlobalSection
	GlobalSection(SolutionProperties) = preSolution
		HideSolutionNode = FALSE
	EndGlobalSection
EndGlobal
